{
  "R": {
    "Version": "4.1.1",
    "Repositories": [
      {
        "Name": "CRAN",
        "URL": "https://cran.rstudio.com"
      },
      {
        "Name": "CRANextra",
        "URL": "http://www.stats.ox.ac.uk/pub/RWin"
      }
    ]
  },
  "Packages": {
    "pacman": {
      "Package": "pacman",
      "Version": "0.5.1",
      "Source": "Repository",
      "Type": "Package",
      "Title": "Package Management Tool",
      "Authors@R": "c(person(\"Tyler\", \"Rinker\", role = c(\"aut\", \"cre\", \"ctb\"), email = \"tyler.rinker@gmail.com\"), person(\"Dason\", \"Kurkiewicz\", role = c(\"aut\", \"ctb\"), email = \"dasonk@gmail.com\"), person(\"Keith\", \"Hughitt\", role = c(\"ctb\")), person(\"Albert\", \"Wang\", role = c(\"ctb\")), person(\"Garrick\", \"Aden-Buie\", role = c(\"ctb\")), person(\"Albert\", \"Wang\", role = c(\"ctb\")), person(\"Lukas\", \"Burk\", role = c(\"ctb\")))",
      "Depends": [
        "R (>= 3.5.0)"
      ],
      "Imports": [
        "remotes",
        "methods",
        "stats",
        "utils"
      ],
      "Suggests": [
        "BiocManager",
        "knitr",
        "lattice",
        "testthat (>= 0.9.0)",
        "XML"
      ],
      "BugReports": "https://github.com/trinker/pacman/issues?state=open",
      "Description": "Tools to more conveniently perform tasks associated with add-on packages. pacman conveniently wraps library and package related functions and names them in an intuitive and consistent fashion.  It seeks to combine functionality from lower level functions which can speed up workflow.",
      "License": "GPL-2",
      "URL": "https://github.com/trinker/pacman",
      "RoxygenNote": "6.1.1",
      "NeedsCompilation": "no",
      "Author": "Tyler Rinker [aut, cre, ctb], Dason Kurkiewicz [aut, ctb], Keith Hughitt [ctb], Albert Wang [ctb], Garrick Aden-Buie [ctb], Albert Wang [ctb], Lukas Burk [ctb]",
      "Maintainer": "Tyler Rinker <tyler.rinker@gmail.com>",
      "Repository": "CRAN"
    },
    "remotes": {
      "Package": "remotes",
      "Version": "2.4.2",
      "Source": "Repository",
      "Title": "R Package Installation from Remote Repositories, Including 'GitHub'",
      "Authors@R": "c( person(\"Gábor\", \"Csárdi\", , \"csardi.gabor@gmail.com\", role = c(\"aut\", \"cre\")), person(\"Jim\", \"Hester\", , \"jim.hester@rstudio.com\", role = \"aut\"), person(\"Hadley\", \"Wickham\", role = c(\"aut\")), person(\"Winston\", \"Chang\", role = \"aut\"), person(\"RStudio\", role = \"cph\"), person(\"Martin\", \"Morgan\", role = \"aut\"), person(\"Dan\", \"Tenenbaum\", role = \"aut\"), person(\"Mango Solutions\", role = \"cph\") )",
      "Description": "Download and install R packages stored in 'GitHub', 'GitLab',  'Bitbucket', 'Bioconductor', or plain 'subversion' or 'git' repositories.  This package provides the 'install_*' functions in 'devtools'. Indeed most  of the code was copied over from 'devtools'.",
      "License": "MIT + file LICENSE",
      "URL": "https://remotes.r-lib.org, https://github.com/r-lib/remotes#readme",
      "BugReports": "https://github.com/r-lib/remotes/issues",
      "Imports": [
        "methods",
        "stats",
        "tools",
        "utils"
      ],
      "Suggests": [
        "brew",
        "callr",
        "codetools",
        "curl",
        "covr",
        "git2r (>= 0.23.0)",
        "knitr",
        "mockery",
        "pkgbuild (>= 1.0.1)",
        "pingr",
        "rmarkdown",
        "rprojroot",
        "testthat",
        "webfakes",
        "withr"
      ],
      "Depends": [
        "R (>= 3.0.0)"
      ],
      "VignetteBuilder": "knitr",
      "RoxygenNote": "7.1.2",
      "SystemRequirements": "Subversion for install_svn, git for install_git",
      "Encoding": "UTF-8",
      "NeedsCompilation": "no",
      "Author": "Gábor Csárdi [aut, cre], Jim Hester [aut], Hadley Wickham [aut], Winston Chang [aut], RStudio [cph], Martin Morgan [aut], Dan Tenenbaum [aut], Mango Solutions [cph]",
      "Maintainer": "Gábor Csárdi <csardi.gabor@gmail.com>",
      "Repository": "CRAN"
    },
    "renv": {
      "Package": "renv",
      "Version": "1.1.5",
      "Source": "Repository",
      "Type": "Package",
      "Title": "Project Environments",
      "Authors@R": "c( person(\"Kevin\", \"Ushey\", role = c(\"aut\", \"cre\"), email = \"kevin@rstudio.com\", comment = c(ORCID = \"0000-0003-2880-7407\")), person(\"Hadley\", \"Wickham\", role = c(\"aut\"), email = \"hadley@rstudio.com\", comment = c(ORCID = \"0000-0003-4757-117X\")), person(\"Posit Software, PBC\", role = c(\"cph\", \"fnd\")) )",
      "Description": "A dependency management toolkit for R. Using 'renv', you can create and manage project-local R libraries, save the state of these libraries to a 'lockfile', and later restore your library as required. Together, these tools can help make your projects more isolated, portable, and reproducible.",
      "License": "MIT + file LICENSE",
      "URL": "https://rstudio.github.io/renv/, https://github.com/rstudio/renv",
      "BugReports": "https://github.com/rstudio/renv/issues",
      "Imports": [
        "utils"
      ],
      "Suggests": [
        "BiocManager",
        "cli",
        "compiler",
        "covr",
        "cpp11",
        "devtools",
        "generics",
        "gitcreds",
        "jsonlite",
        "jsonvalidate",
        "knitr",
        "miniUI",
        "modules",
        "packrat",
        "pak",
        "R6",
        "remotes",
        "reticulate",
        "rmarkdown",
        "rstudioapi",
        "shiny",
        "testthat",
        "uuid",
        "waldo",
        "yaml",
        "webfakes"
      ],
      "Encoding": "UTF-8",
      "RoxygenNote": "7.3.2",
      "VignetteBuilder": "knitr",
      "Config/Needs/website": "tidyverse/tidytemplate",
      "Config/testthat/edition": "3",
      "Config/testthat/parallel": "true",
      "Config/testthat/start-first": "bioconductor,python,install,restore,snapshot,retrieve,remotes",
      "NeedsCompilation": "no",
      "Author": "Kevin Ushey [aut, cre] (ORCID: <https://orcid.org/0000-0003-2880-7407>), Hadley Wickham [aut] (ORCID: <https://orcid.org/0000-0003-4757-117X>), Posit Software, PBC [cph, fnd]",
      "Maintainer": "Kevin Ushey <kevin@rstudio.com>",
      "Repository": "CRAN"
    }
  }
}
